
Microsoft Visual Studio Solution File, Format Version 12.00
# Visual Studio 15
VisualStudioVersion = 15.0.28307.489
MinimumVisualStudioVersion = 10.0.40219.1
Project("{FAE04EC0-301F-11D3-BF4B-00C04F79EFBC}") = "Z2R_Mapper", "Z2R_Mapper\Z2R_Mapper.csproj", "{501202DB-D1BD-4348-AA27-C896C480DDCD}"
EndProject
Global
	GlobalSection(SolutionConfigurationPlatforms) = preSolution
		Debug|Any CPU = Debug|Any CPU
		Release|Any CPU = Release|Any CPU
	EndGlobalSection
	GlobalSection(ProjectConfigurationPlatforms) = postSolution
		{501202DB-D1BD-4348-AA27-C896C480DDCD}.Debug|Any CPU.ActiveCfg = Debug|Any CPU
		{501202DB-D1BD-4348-AA27-C896C480DDCD}.Debug|Any CPU.Build.0 = Debug|Any CPU
		{501202DB-D1BD-4348-AA27-C896C480DDCD}.Release|Any CPU.ActiveCfg = Release|Any CPU
		{501202DB-D1BD-4348-AA27-C896C480DDCD}.Release|Any CPU.Build.0 = Release|Any CPU
	EndGlobalSection
	GlobalSection(SolutionProperties) = preSolution
		HideSolutionNode = FALSE
	EndGlobalSection
	GlobalSection(ExtensibilityGlobals) = postSolution
		SolutionGuid = {E089C7BF-34F8-40BD-99D1-2E0590DCBC64}
	EndGlobalSection
EndGlobal
